
Microsoft Visual Studio Solution File, Format Version 12.00
# Visual Studio 14
VisualStudioVersion = 14.0.25420.1
MinimumVisualStudioVersion = 10.0.40219.1
Project("{FAE04EC0-301F-11D3-BF4B-00C04F79EFBC}") = "HitechTMS", "HiTechTMS\HitechTMS.csproj", "{EF2E2AEC-A45B-41A4-AA11-54DD81C307CA}"
EndProject
Project("{FAE04EC0-301F-11D3-BF4B-00C04F79EFBC}") = "Business", "Business\Business.csproj", "{37FB5E20-0970-4190-9589-E487810F877B}"
EndProject
Project("{FAE04EC0-301F-11D3-BF4B-00C04F79EFBC}") = "DAL", "DAL\DAL.csproj", "{4D300646-0B9C-4F74-96D9-318E6D65A23F}"
EndProject
Project("{FAE04EC0-301F-11D3-BF4B-00C04F79EFBC}") = "SharedLibrary", "SharedLibrary\SharedLibrary.csproj", "{E8D24DE5-5067-4CD4-8E23-57F3FDB5B162}"
EndProject
Project("{FAE04EC0-301F-11D3-BF4B-00C04F79EFBC}") = "HitechTMSSecurity", "SecureBaseForm_Src\HitechTMSSecurity.csproj", "{5C9ADA8B-7F93-4968-B6C3-B6B9627C2B0F}"
EndProject
Project("{54435603-DBB4-11D2-8724-00A0C9A8B90C}") = "HiTech", "HiTechSetup\HiTechSetup\HiTechSetup.vdproj", "{E3890BFA-5DE8-4CC6-A9AA-8E8DF3A82C12}"
EndProject
Project("{FAE04EC0-301F-11D3-BF4B-00C04F79EFBC}") = "HitechTMSActivation", "SecureApp\HitechTMSActivation.csproj", "{567DAB27-241C-4E6C-B2FA-66D9D64081FB}"
EndProject
Project("{FAE04EC0-301F-11D3-BF4B-00C04F79EFBC}") = "MsgBox", "InputBox\MsgBox.csproj", "{9B4AB36E-1AE8-4F63-B4F8-23291E7577D7}"
EndProject
Project("{FAE04EC0-301F-11D3-BF4B-00C04F79EFBC}") = "SerialPortListener", "SerialPortListener\SerialPortListener.csproj", "{D6883E9E-C532-4FDF-AFEE-61C47F8A4A1D}"
EndProject
Global
	GlobalSection(SolutionConfigurationPlatforms) = preSolution
		Debug|Any CPU = Debug|Any CPU
		Debug|x64 = Debug|x64
		Debug|x86 = Debug|x86
		Release|Any CPU = Release|Any CPU
		Release|x64 = Release|x64
		Release|x86 = Release|x86
	EndGlobalSection
	GlobalSection(ProjectConfigurationPlatforms) = postSolution
		{EF2E2AEC-A45B-41A4-AA11-54DD81C307CA}.Debug|Any CPU.ActiveCfg = Debug|Any CPU
		{EF2E2AEC-A45B-41A4-AA11-54DD81C307CA}.Debug|Any CPU.Build.0 = Debug|Any CPU
		{EF2E2AEC-A45B-41A4-AA11-54DD81C307CA}.Debug|x64.ActiveCfg = Debug|Any CPU
		{EF2E2AEC-A45B-41A4-AA11-54DD81C307CA}.Debug|x64.Build.0 = Debug|Any CPU
		{EF2E2AEC-A45B-41A4-AA11-54DD81C307CA}.Debug|x86.ActiveCfg = Debug|Any CPU
		{EF2E2AEC-A45B-41A4-AA11-54DD81C307CA}.Debug|x86.Build.0 = Debug|Any CPU
		{EF2E2AEC-A45B-41A4-AA11-54DD81C307CA}.Release|Any CPU.ActiveCfg = Release|Any CPU
		{EF2E2AEC-A45B-41A4-AA11-54DD81C307CA}.Release|Any CPU.Build.0 = Release|Any CPU
		{EF2E2AEC-A45B-41A4-AA11-54DD81C307CA}.Release|x64.ActiveCfg = Release|Any CPU
		{EF2E2AEC-A45B-41A4-AA11-54DD81C307CA}.Release|x64.Build.0 = Release|Any CPU
		{EF2E2AEC-A45B-41A4-AA11-54DD81C307CA}.Release|x86.ActiveCfg = Release|Any CPU
		{EF2E2AEC-A45B-41A4-AA11-54DD81C307CA}.Release|x86.Build.0 = Release|Any CPU
		{37FB5E20-0970-4190-9589-E487810F877B}.Debug|Any CPU.ActiveCfg = Debug|Any CPU
		{37FB5E20-0970-4190-9589-E487810F877B}.Debug|Any CPU.Build.0 = Debug|Any CPU
		{37FB5E20-0970-4190-9589-E487810F877B}.Debug|x64.ActiveCfg = Debug|Any CPU
		{37FB5E20-0970-4190-9589-E487810F877B}.Debug|x64.Build.0 = Debug|Any CPU
		{37FB5E20-0970-4190-9589-E487810F877B}.Debug|x86.ActiveCfg = Debug|Any CPU
		{37FB5E20-0970-4190-9589-E487810F877B}.Debug|x86.Build.0 = Debug|Any CPU
		{37FB5E20-0970-4190-9589-E487810F877B}.Release|Any CPU.ActiveCfg = Release|Any CPU
		{37FB5E20-0970-4190-9589-E487810F877B}.Release|Any CPU.Build.0 = Release|Any CPU
		{37FB5E20-0970-4190-9589-E487810F877B}.Release|x64.ActiveCfg = Release|Any CPU
		{37FB5E20-0970-4190-9589-E487810F877B}.Release|x64.Build.0 = Release|Any CPU
		{37FB5E20-0970-4190-9589-E487810F877B}.Release|x86.ActiveCfg = Release|Any CPU
		{37FB5E20-0970-4190-9589-E487810F877B}.Release|x86.Build.0 = Release|Any CPU
		{4D300646-0B9C-4F74-96D9-318E6D65A23F}.Debug|Any CPU.ActiveCfg = Debug|Any CPU
		{4D300646-0B9C-4F74-96D9-318E6D65A23F}.Debug|Any CPU.Build.0 = Debug|Any CPU
		{4D300646-0B9C-4F74-96D9-318E6D65A23F}.Debug|x64.ActiveCfg = Debug|Any CPU
		{4D300646-0B9C-4F74-96D9-318E6D65A23F}.Debug|x64.Build.0 = Debug|Any CPU
		{4D300646-0B9C-4F74-96D9-318E6D65A23F}.Debug|x86.ActiveCfg = Debug|Any CPU
		{4D300646-0B9C-4F74-96D9-318E6D65A23F}.Debug|x86.Build.0 = Debug|Any CPU
		{4D300646-0B9C-4F74-96D9-318E6D65A23F}.Release|Any CPU.ActiveCfg = Release|Any CPU
		{4D300646-0B9C-4F74-96D9-318E6D65A23F}.Release|Any CPU.Build.0 = Release|Any CPU
		{4D300646-0B9C-4F74-96D9-318E6D65A23F}.Release|x64.ActiveCfg = Release|Any CPU
		{4D300646-0B9C-4F74-96D9-318E6D65A23F}.Release|x64.Build.0 = Release|Any CPU
		{4D300646-0B9C-4F74-96D9-318E6D65A23F}.Release|x86.ActiveCfg = Release|Any CPU
		{4D300646-0B9C-4F74-96D9-318E6D65A23F}.Release|x86.Build.0 = Release|Any CPU
		{E8D24DE5-5067-4CD4-8E23-57F3FDB5B162}.Debug|Any CPU.ActiveCfg = Debug|Any CPU
		{E8D24DE5-5067-4CD4-8E23-57F3FDB5B162}.Debug|Any CPU.Build.0 = Debug|Any CPU
		{E8D24DE5-5067-4CD4-8E23-57F3FDB5B162}.Debug|x64.ActiveCfg = Debug|Any CPU
		{E8D24DE5-5067-4CD4-8E23-57F3FDB5B162}.Debug|x64.Build.0 = Debug|Any CPU
		{E8D24DE5-5067-4CD4-8E23-57F3FDB5B162}.Debug|x86.ActiveCfg = Debug|Any CPU
		{E8D24DE5-5067-4CD4-8E23-57F3FDB5B162}.Debug|x86.Build.0 = Debug|Any CPU
		{E8D24DE5-5067-4CD4-8E23-57F3FDB5B162}.Release|Any CPU.ActiveCfg = Release|Any CPU
		{E8D24DE5-5067-4CD4-8E23-57F3FDB5B162}.Release|Any CPU.Build.0 = Release|Any CPU
		{E8D24DE5-5067-4CD4-8E23-57F3FDB5B162}.Release|x64.ActiveCfg = Release|Any CPU
		{E8D24DE5-5067-4CD4-8E23-57F3FDB5B162}.Release|x64.Build.0 = Release|Any CPU
		{E8D24DE5-5067-4CD4-8E23-57F3FDB5B162}.Release|x86.ActiveCfg = Release|Any CPU
		{E8D24DE5-5067-4CD4-8E23-57F3FDB5B162}.Release|x86.Build.0 = Release|Any CPU
		{5C9ADA8B-7F93-4968-B6C3-B6B9627C2B0F}.Debug|Any CPU.ActiveCfg = Debug|Any CPU
		{5C9ADA8B-7F93-4968-B6C3-B6B9627C2B0F}.Debug|Any CPU.Build.0 = Debug|Any CPU
		{5C9ADA8B-7F93-4968-B6C3-B6B9627C2B0F}.Debug|x64.ActiveCfg = Debug|Any CPU
		{5C9ADA8B-7F93-4968-B6C3-B6B9627C2B0F}.Debug|x64.Build.0 = Debug|Any CPU
		{5C9ADA8B-7F93-4968-B6C3-B6B9627C2B0F}.Debug|x86.ActiveCfg = Debug|Any CPU
		{5C9ADA8B-7F93-4968-B6C3-B6B9627C2B0F}.Debug|x86.Build.0 = Debug|Any CPU
		{5C9ADA8B-7F93-4968-B6C3-B6B9627C2B0F}.Release|Any CPU.ActiveCfg = Release|Any CPU
		{5C9ADA8B-7F93-4968-B6C3-B6B9627C2B0F}.Release|Any CPU.Build.0 = Release|Any CPU
		{5C9ADA8B-7F93-4968-B6C3-B6B9627C2B0F}.Release|x64.ActiveCfg = Release|Any CPU
		{5C9ADA8B-7F93-4968-B6C3-B6B9627C2B0F}.Release|x64.Build.0 = Release|Any CPU
		{5C9ADA8B-7F93-4968-B6C3-B6B9627C2B0F}.Release|x86.ActiveCfg = Release|Any CPU
		{5C9ADA8B-7F93-4968-B6C3-B6B9627C2B0F}.Release|x86.Build.0 = Release|Any CPU
		{E3890BFA-5DE8-4CC6-A9AA-8E8DF3A82C12}.Debug|Any CPU.ActiveCfg = Release
		{E3890BFA-5DE8-4CC6-A9AA-8E8DF3A82C12}.Debug|Any CPU.Build.0 = Release
		{E3890BFA-5DE8-4CC6-A9AA-8E8DF3A82C12}.Debug|x64.ActiveCfg = Debug
		{E3890BFA-5DE8-4CC6-A9AA-8E8DF3A82C12}.Debug|x64.Build.0 = Debug
		{E3890BFA-5DE8-4CC6-A9AA-8E8DF3A82C12}.Debug|x86.ActiveCfg = Debug
		{E3890BFA-5DE8-4CC6-A9AA-8E8DF3A82C12}.Debug|x86.Build.0 = Debug
		{E3890BFA-5DE8-4CC6-A9AA-8E8DF3A82C12}.Release|Any CPU.ActiveCfg = Release
		{E3890BFA-5DE8-4CC6-A9AA-8E8DF3A82C12}.Release|Any CPU.Build.0 = Release
		{E3890BFA-5DE8-4CC6-A9AA-8E8DF3A82C12}.Release|x64.ActiveCfg = Release
		{E3890BFA-5DE8-4CC6-A9AA-8E8DF3A82C12}.Release|x64.Build.0 = Release
		{E3890BFA-5DE8-4CC6-A9AA-8E8DF3A82C12}.Release|x86.ActiveCfg = Release
		{E3890BFA-5DE8-4CC6-A9AA-8E8DF3A82C12}.Release|x86.Build.0 = Release
		{567DAB27-241C-4E6C-B2FA-66D9D64081FB}.Debug|Any CPU.ActiveCfg = Debug|Any CPU
		{567DAB27-241C-4E6C-B2FA-66D9D64081FB}.Debug|Any CPU.Build.0 = Debug|Any CPU
		{567DAB27-241C-4E6C-B2FA-66D9D64081FB}.Debug|x64.ActiveCfg = Debug|Any CPU
		{567DAB27-241C-4E6C-B2FA-66D9D64081FB}.Debug|x64.Build.0 = Debug|Any CPU
		{567DAB27-241C-4E6C-B2FA-66D9D64081FB}.Debug|x86.ActiveCfg = Debug|Any CPU
		{567DAB27-241C-4E6C-B2FA-66D9D64081FB}.Debug|x86.Build.0 = Debug|Any CPU
		{567DAB27-241C-4E6C-B2FA-66D9D64081FB}.Release|Any CPU.ActiveCfg = Release|Any CPU
		{567DAB27-241C-4E6C-B2FA-66D9D64081FB}.Release|Any CPU.Build.0 = Release|Any CPU
		{567DAB27-241C-4E6C-B2FA-66D9D64081FB}.Release|x64.ActiveCfg = Release|Any CPU
		{567DAB27-241C-4E6C-B2FA-66D9D64081FB}.Release|x64.Build.0 = Release|Any CPU
		{567DAB27-241C-4E6C-B2FA-66D9D64081FB}.Release|x86.ActiveCfg = Release|Any CPU
		{567DAB27-241C-4E6C-B2FA-66D9D64081FB}.Release|x86.Build.0 = Release|Any CPU
		{9B4AB36E-1AE8-4F63-B4F8-23291E7577D7}.Debug|Any CPU.ActiveCfg = Debug|Any CPU
		{9B4AB36E-1AE8-4F63-B4F8-23291E7577D7}.Debug|Any CPU.Build.0 = Debug|Any CPU
		{9B4AB36E-1AE8-4F63-B4F8-23291E7577D7}.Debug|x64.ActiveCfg = Debug|Any CPU
		{9B4AB36E-1AE8-4F63-B4F8-23291E7577D7}.Debug|x64.Build.0 = Debug|Any CPU
		{9B4AB36E-1AE8-4F63-B4F8-23291E7577D7}.Debug|x86.ActiveCfg = Debug|Any CPU
		{9B4AB36E-1AE8-4F63-B4F8-23291E7577D7}.Debug|x86.Build.0 = Debug|Any CPU
		{9B4AB36E-1AE8-4F63-B4F8-23291E7577D7}.Release|Any CPU.ActiveCfg = Release|Any CPU
		{9B4AB36E-1AE8-4F63-B4F8-23291E7577D7}.Release|Any CPU.Build.0 = Release|Any CPU
		{9B4AB36E-1AE8-4F63-B4F8-23291E7577D7}.Release|x64.ActiveCfg = Release|Any CPU
		{9B4AB36E-1AE8-4F63-B4F8-23291E7577D7}.Release|x64.Build.0 = Release|Any CPU
		{9B4AB36E-1AE8-4F63-B4F8-23291E7577D7}.Release|x86.ActiveCfg = Release|Any CPU
		{9B4AB36E-1AE8-4F63-B4F8-23291E7577D7}.Release|x86.Build.0 = Release|Any CPU
		{D6883E9E-C532-4FDF-AFEE-61C47F8A4A1D}.Debug|Any CPU.ActiveCfg = Debug|x86
		{D6883E9E-C532-4FDF-AFEE-61C47F8A4A1D}.Debug|x64.ActiveCfg = Debug|x64
		{D6883E9E-C532-4FDF-AFEE-61C47F8A4A1D}.Debug|x64.Build.0 = Debug|x64
		{D6883E9E-C532-4FDF-AFEE-61C47F8A4A1D}.Debug|x86.ActiveCfg = Debug|x86
		{D6883E9E-C532-4FDF-AFEE-61C47F8A4A1D}.Debug|x86.Build.0 = Debug|x86
		{D6883E9E-C532-4FDF-AFEE-61C47F8A4A1D}.Release|Any CPU.ActiveCfg = Release|x86
		{D6883E9E-C532-4FDF-AFEE-61C47F8A4A1D}.Release|x64.ActiveCfg = Release|x64
		{D6883E9E-C532-4FDF-AFEE-61C47F8A4A1D}.Release|x64.Build.0 = Release|x64
		{D6883E9E-C532-4FDF-AFEE-61C47F8A4A1D}.Release|x86.ActiveCfg = Release|x86
		{D6883E9E-C532-4FDF-AFEE-61C47F8A4A1D}.Release|x86.Build.0 = Release|x86
	EndGlobalSection
	GlobalSection(SolutionProperties) = preSolution
		HideSolutionNode = FALSE
	EndGlobalSection
EndGlobal
